
Microsoft Visual Studio Solution File, Format Version 12.00
# Visual Studio Version 16
VisualStudioVersion = 16.0.31515.178
MinimumVisualStudioVersion = 10.0.40219.1
Project("{FAE04EC0-301F-11D3-BF4B-00C04F79EFBC}") = "esercizio1", "esercizio1.csproj", "{4D69FB31-722A-4738-A81C-589B3D26FF6D}"
EndProject
Global
	GlobalSection(SolutionConfigurationPlatforms) = preSolution
		Debug|ARM = Debug|ARM
		Debug|ARM64 = Debug|ARM64
		Debug|x64 = Debug|x64
		Debug|x86 = Debug|x86
		Release|ARM = Release|ARM
		Release|ARM64 = Release|ARM64
		Release|x64 = Release|x64
		Release|x86 = Release|x86
	EndGlobalSection
	GlobalSection(ProjectConfigurationPlatforms) = postSolution
		{4D69FB31-722A-4738-A81C-589B3D26FF6D}.Debug|ARM.ActiveCfg = Debug|ARM
		{4D69FB31-722A-4738-A81C-589B3D26FF6D}.Debug|ARM.Build.0 = Debug|ARM
		{4D69FB31-722A-4738-A81C-589B3D26FF6D}.Debug|ARM.Deploy.0 = Debug|ARM
		{4D69FB31-722A-4738-A81C-589B3D26FF6D}.Debug|ARM64.ActiveCfg = Debug|ARM64
		{4D69FB31-722A-4738-A81C-589B3D26FF6D}.Debug|ARM64.Build.0 = Debug|ARM64
		{4D69FB31-722A-4738-A81C-589B3D26FF6D}.Debug|ARM64.Deploy.0 = Debug|ARM64
		{4D69FB31-722A-4738-A81C-589B3D26FF6D}.Debug|x64.ActiveCfg = Debug|x64
		{4D69FB31-722A-4738-A81C-589B3D26FF6D}.Debug|x64.Build.0 = Debug|x64
		{4D69FB31-722A-4738-A81C-589B3D26FF6D}.Debug|x64.Deploy.0 = Debug|x64
		{4D69FB31-722A-4738-A81C-589B3D26FF6D}.Debug|x86.ActiveCfg = Debug|x86
		{4D69FB31-722A-4738-A81C-589B3D26FF6D}.Debug|x86.Build.0 = Debug|x86
		{4D69FB31-722A-4738-A81C-589B3D26FF6D}.Debug|x86.Deploy.0 = Debug|x86
		{4D69FB31-722A-4738-A81C-589B3D26FF6D}.Release|ARM.ActiveCfg = Release|ARM
		{4D69FB31-722A-4738-A81C-589B3D26FF6D}.Release|ARM.Build.0 = Release|ARM
		{4D69FB31-722A-4738-A81C-589B3D26FF6D}.Release|ARM.Deploy.0 = Release|ARM
		{4D69FB31-722A-4738-A81C-589B3D26FF6D}.Release|ARM64.ActiveCfg = Release|ARM64
		{4D69FB31-722A-4738-A81C-589B3D26FF6D}.Release|ARM64.Build.0 = Release|ARM64
		{4D69FB31-722A-4738-A81C-589B3D26FF6D}.Release|ARM64.Deploy.0 = Release|ARM64
		{4D69FB31-722A-4738-A81C-589B3D26FF6D}.Release|x64.ActiveCfg = Release|x64
		{4D69FB31-722A-4738-A81C-589B3D26FF6D}.Release|x64.Build.0 = Release|x64
		{4D69FB31-722A-4738-A81C-589B3D26FF6D}.Release|x64.Deploy.0 = Release|x64
		{4D69FB31-722A-4738-A81C-589B3D26FF6D}.Release|x86.ActiveCfg = Release|x86
		{4D69FB31-722A-4738-A81C-589B3D26FF6D}.Release|x86.Build.0 = Release|x86
		{4D69FB31-722A-4738-A81C-589B3D26FF6D}.Release|x86.Deploy.0 = Release|x86
	EndGlobalSection
	GlobalSection(SolutionProperties) = preSolution
		HideSolutionNode = FALSE
	EndGlobalSection
	GlobalSection(ExtensibilityGlobals) = postSolution
		SolutionGuid = {608CE0C8-91B4-418F-B5D7-ABD34C212119}
	EndGlobalSection
EndGlobal
